// !$*UTF8*$!
{
	archiveVersion = 1;
	classes = {
	};
	objectVersion = 46;
	objects = {

/* Begin PBXBuildFile section */
		5A7968BD1EDEB8D9007F8BD6 /* Task.swift in Sources */ = {isa = PBXBuildFile; fileRef = 5A7968BC1EDEB8D9007F8BD6 /* Task.swift */; };
		5AB134C21EDD4AC200638FB3 /* AppDelegate.swift in Sources */ = {isa = PBXBuildFile; fileRef = 5AB134C11EDD4AC200638FB3 /* AppDelegate.swift */; };
		5AB134C41EDD4AC200638FB3 /* ViewController.swift in Sources */ = {isa = PBXBuildFile; fileRef = 5AB134C31EDD4AC200638FB3 /* ViewController.swift */; };
		5AB134C71EDD4AC200638FB3 /* Main.storyboard in Resources */ = {isa = PBXBuildFile; fileRef = 5AB134C51EDD4AC200638FB3 /* Main.storyboard */; };
		5AB134C91EDD4AC200638FB3 /* Assets.xcassets in Resources */ = {isa = PBXBuildFile; fileRef = 5AB134C81EDD4AC200638FB3 /* Assets.xcassets */; };
		5AB134CC1EDD4AC200638FB3 /* LaunchScreen.storyboard in Resources */ = {isa = PBXBuildFile; fileRef = 5AB134CA1EDD4AC200638FB3 /* LaunchScreen.storyboard */; };
		5AB134D41EDD757200638FB3 /* InputViewController.swift in Sources */ = {isa = PBXBuildFile; fileRef = 5AB134D31EDD757200638FB3 /* InputViewController.swift */; };
		F3D264640F222707306242F1 /* Pods_taskapp.framework in Frameworks */ = {isa = PBXBuildFile; fileRef = 5675446AC3BF5AF11B7EAC1C /* Pods_taskapp.framework */; };
/* End PBXBuildFile section */

/* Begin PBXFileReference section */
		00C1309261F02692B7459EE2 /* Pods-taskapp.debug.xcconfig */ = {isa = PBXFileReference; includeInIndex = 1; lastKnownFileType = text.xcconfig; name = "Pods-taskapp.debug.xcconfig"; path = "Pods/Target Support Files/Pods-taskapp/Pods-taskapp.debug.xcconfig"; sourceTree = "<group>"; };
		1E19749EE7A4C8BB3554B7EE /* Pods-taskapp.release.xcconfig */ = {isa = PBXFileReference; includeInIndex = 1; lastKnownFileType = text.xcconfig; name = "Pods-taskapp.release.xcconfig"; path = "Pods/Target Support Files/Pods-taskapp/Pods-taskapp.release.xcconfig"; sourceTree = "<group>"; };
		5675446AC3BF5AF11B7EAC1C /* Pods_taskapp.framework */ = {isa = PBXFileReference; explicitFileType = wrapper.framework; includeInIndex = 0; path = Pods_taskapp.framework; sourceTree = BUILT_PRODUCTS_DIR; };
		5A7968BC1EDEB8D9007F8BD6 /* Task.swift */ = {isa = PBXFileReference; fileEncoding = 4; lastKnownFileType = sourcecode.swift; path = Task.swift; sourceTree = "<group>"; };
		5AB134BE1EDD4AC200638FB3 /* taskapp.app */ = {isa = PBXFileReference; explicitFileType = wrapper.application; includeInIndex = 0; path = taskapp.app; sourceTree = BUILT_PRODUCTS_DIR; };
		5AB134C11EDD4AC200638FB3 /* AppDelegate.swift */ = {isa = PBXFileReference; lastKnownFileType = sourcecode.swift; path = AppDelegate.swift; sourceTree = "<group>"; };
		5AB134C31EDD4AC200638FB3 /* ViewController.swift */ = {isa = PBXFileReference; lastKnownFileType = sourcecode.swift; path = ViewController.swift; sourceTree = "<group>"; };
		5AB134C61EDD4AC200638FB3 /* Base */ = {isa = PBXFileReference; lastKnownFileType = file.storyboard; name = Base; path = Base.lproj/Main.storyboard; sourceTree = "<group>"; };
		5AB134C81EDD4AC200638FB3 /* Assets.xcassets */ = {isa = PBXFileReference; lastKnownFileType = folder.assetcatalog; path = Assets.xcassets; sourceTree = "<group>"; };
		5AB134CB1EDD4AC200638FB3 /* Base */ = {isa = PBXFileReference; lastKnownFileType = file.storyboard; name = Base; path = Base.lproj/LaunchScreen.storyboard; sourceTree = "<group>"; };
		5AB134CD1EDD4AC200638FB3 /* Info.plist */ = {isa = PBXFileReference; lastKnownFileType = text.plist.xml; path = Info.plist; sourceTree = "<group>"; };
		5AB134D31EDD757200638FB3 /* InputViewController.swift */ = {isa = PBXFileReference; fileEncoding = 4; lastKnownFileType = sourcecode.swift; path = InputViewController.swift; sourceTree = "<group>"; };
/* End PBXFileReference section */

/* Begin PBXFrameworksBuildPhase section */
		5AB134BB1EDD4AC200638FB3 /* Frameworks */ = {
			isa = PBXFrameworksBuildPhase;
			buildActionMask = 2147483647;
			files = (
				F3D264640F222707306242F1 /* Pods_taskapp.framework in Frameworks */,
			);
			runOnlyForDeploymentPostprocessing = 0;
		};
/* End PBXFrameworksBuildPhase section */

/* Begin PBXGroup section */
		2136375DBDE29359436163F4 /* Pods */ = {
			isa = PBXGroup;
			children = (
				00C1309261F02692B7459EE2 /* Pods-taskapp.debug.xcconfig */,
				1E19749EE7A4C8BB3554B7EE /* Pods-taskapp.release.xcconfig */,
			);
			name = Pods;
			sourceTree = "<group>";
		};
		3F2523ABC46F83DD6519D2BF /* Frameworks */ = {
			isa = PBXGroup;
			children = (
				5675446AC3BF5AF11B7EAC1C /* Pods_taskapp.framework */,
			);
			name = Frameworks;
			sourceTree = "<group>";
		};
		5AB134B51EDD4AC200638FB3 = {
			isa = PBXGroup;
			children = (
				5AB134C01EDD4AC200638FB3 /* taskapp */,
				5AB134BF1EDD4AC200638FB3 /* Products */,
				2136375DBDE29359436163F4 /* Pods */,
				3F2523ABC46F83DD6519D2BF /* Frameworks */,
			);
			sourceTree = "<group>";
		};
		5AB134BF1EDD4AC200638FB3 /* Products */ = {
			isa = PBXGroup;
			children = (
				5AB134BE1EDD4AC200638FB3 /* taskapp.app */,
			);
			name = Products;
			sourceTree = "<group>";
		};
		5AB134C01EDD4AC200638FB3 /* taskapp */ = {
			isa = PBXGroup;
			children = (
				5AB134C11EDD4AC200638FB3 /* AppDelegate.swift */,
				5AB134C31EDD4AC200638FB3 /* ViewController.swift */,
				5AB134C51EDD4AC200638FB3 /* Main.storyboard */,
				5AB134D31EDD757200638FB3 /* InputViewController.swift */,
				5AB134C81EDD4AC200638FB3 /* Assets.xcassets */,
				5AB134CA1EDD4AC200638FB3 /* LaunchScreen.storyboard */,
				5AB134CD1EDD4AC200638FB3 /* Info.plist */,
				5A7968BC1EDEB8D9007F8BD6 /* Task.swift */,
			);
			path = taskapp;
			sourceTree = "<group>";
		};
/* End PBXGroup section */

/* Begin PBXNativeTarget section */
		5AB134BD1EDD4AC200638FB3 /* taskapp */ = {
			isa = PBXNativeTarget;
			buildConfigurationList = 5AB134D01EDD4AC200638FB3 /* Build configuration list for PBXNativeTarget "taskapp" */;
			buildPhases = (
				BDBD63097FF28E5B5A612B18 /* [CP] Check Pods Manifest.lock */,
				5AB134BA1EDD4AC200638FB3 /* Sources */,
				5AB134BB1EDD4AC200638FB3 /* Frameworks */,
				5AB134BC1EDD4AC200638FB3 /* Resources */,
				9307BB850CDD2A71B460D62D /* [CP] Embed Pods Frameworks */,
				7BBFF26CDA1668B968433FEB /* [CP] Copy Pods Resources */,
			);
			buildRules = (
			);
			dependencies = (
			);
			name = taskapp;
			productName = taskapp;
			productReference = 5AB134BE1EDD4AC200638FB3 /* taskapp.app */;
			productType = "com.apple.product-type.application";
		};
/* End PBXNativeTarget section */

/* Begin PBXProject section */
		5AB134B61EDD4AC200638FB3 /* Project object */ = {
			isa = PBXProject;
			attributes = {
				LastSwiftUpdateCheck = 0830;
				LastUpgradeCheck = 0830;
				ORGANIZATIONNAME = mochimochinoki;
				TargetAttributes = {
					5AB134BD1EDD4AC200638FB3 = {
						CreatedOnToolsVersion = 8.3.2;
						ProvisioningStyle = Automatic;
					};
				};
			};
			buildConfigurationList = 5AB134B91EDD4AC200638FB3 /* Build configuration list for PBXProject "taskapp" */;
			compatibilityVersion = "Xcode 3.2";
			developmentRegion = English;
			hasScannedForEncodings = 0;
			knownRegions = (
				en,
				Base,
			);
			mainGroup = 5AB134B51EDD4AC200638FB3;
			productRefGroup = 5AB134BF1EDD4AC200638FB3 /* Products */;
			projectDirPath = "";
			projectRoot = "";
			targets = (
				5AB134BD1EDD4AC200638FB3 /* taskapp */,
			);
		};
/* End PBXProject section */

/* Begin PBXResourcesBuildPhase section */
		5AB134BC1EDD4AC200638FB3 /* Resources */ = {
			isa = PBXResourcesBuildPhase;
			buildActionMask = 2147483647;
			files = (
				5AB134CC1EDD4AC200638FB3 /* LaunchScreen.storyboard in Resources */,
				5AB134C91EDD4AC200638FB3 /* Assets.xcassets in Resources */,
				5AB134C71EDD4AC200638FB3 /* Main.storyboard in Resources */,
			);
			runOnlyForDeploymentPostprocessing = 0;
		};
/* End PBXResourcesBuildPhase section */

/* Begin PBXShellScriptBuildPhase section */
		7BBFF26CDA1668B968433FEB /* [CP] Copy Pods Resources */ = {
			isa = PBXShellScriptBuildPhase;
			buildActionMask = 2147483647;
			files = (
			);
			inputPaths = (
			);
			name = "[CP] Copy Pods Resources";
			outputPaths = (
			);
			runOnlyForDeploymentPostprocessing = 0;
			shellPath = /bin/sh;
			shellScript = "\"${SRCROOT}/Pods/Target Support Files/Pods-taskapp/Pods-taskapp-resources.sh\"\n";
			showEnvVarsInLog = 0;
		};
		9307BB850CDD2A71B460D62D /* [CP] Embed Pods Frameworks */ = {
			isa = PBXShellScriptBuildPhase;
			buildActionMask = 2147483647;
			files = (
			);
			inputPaths = (
			);
			name = "[CP] Embed Pods Frameworks";
			outputPaths = (
			);
			runOnlyForDeploymentPostprocessing = 0;
			shellPath = /bin/sh;
			shellScript = "\"${SRCROOT}/Pods/Target Support Files/Pods-taskapp/Pods-taskapp-frameworks.sh\"\n";
			showEnvVarsInLog = 0;
		};
		BDBD63097FF28E5B5A612B18 /* [CP] Check Pods Manifest.lock */ = {
			isa = PBXShellScriptBuildPhase;
			buildActionMask = 2147483647;
			files = (
			);
			inputPaths = (
			);
			name = "[CP] Check Pods Manifest.lock";
			outputPaths = (
			);
			runOnlyForDeploymentPostprocessing = 0;
			shellPath = /bin/sh;
			shellScript = "diff \"${PODS_ROOT}/../Podfile.lock\" \"${PODS_ROOT}/Manifest.lock\" > /dev/null\nif [ $? != 0 ] ; then\n    # print error to STDERR\n    echo \"error: The sandbox is not in sync with the Podfile.lock. Run 'pod install' or update your CocoaPods installation.\" >&2\n    exit 1\nfi\n";
			showEnvVarsInLog = 0;
		};
/* End PBXShellScriptBuildPhase section */

/* Begin PBXSourcesBuildPhase section */
		5AB134BA1EDD4AC200638FB3 /* Sources */ = {
			isa = PBXSourcesBuildPhase;
			buildActionMask = 2147483647;
			files = (
				5A7968BD1EDEB8D9007F8BD6 /* Task.swift in Sources */,
				5AB134D41EDD757200638FB3 /* InputViewController.swift in Sources */,
				5AB134C41EDD4AC200638FB3 /* ViewController.swift in Sources */,
				5AB134C21EDD4AC200638FB3 /* AppDelegate.swift in Sources */,
			);
			runOnlyForDeploymentPostprocessing = 0;
		};
/* End PBXSourcesBuildPhase section */

/* Begin PBXVariantGroup section */
		5AB134C51EDD4AC200638FB3 /* Main.storyboard */ = {
			isa = PBXVariantGroup;
			children = (
				5AB134C61EDD4AC200638FB3 /* Base */,
			);
			name = Main.storyboard;
			sourceTree = "<group>";
		};
		5AB134CA1EDD4AC200638FB3 /* LaunchScreen.storyboard */ = {
			isa = PBXVariantGroup;
			children = (
				5AB134CB1EDD4AC200638FB3 /* Base */,
			);
			name = LaunchScreen.storyboard;
			sourceTree = "<group>";
		};
/* End PBXVariantGroup section */

/* Begin XCBuildConfiguration section */
		5AB134CE1EDD4AC200638FB3 /* Debug */ = {
			isa = XCBuildConfiguration;
			buildSettings = {
				ALWAYS_SEARCH_USER_PATHS = NO;
				CLANG_ANALYZER_NONNULL = YES;
				CLANG_ANALYZER_NUMBER_OBJECT_CONVERSION = YES_AGGRESSIVE;
				CLANG_CXX_LANGUAGE_STANDARD = "gnu++0x";
				CLANG_CXX_LIBRARY = "libc++";
				CLANG_ENABLE_MODULES = YES;
				CLANG_ENABLE_OBJC_ARC = YES;
				CLANG_WARN_BOOL_CONVERSION = YES;
				CLANG_WARN_CONSTANT_CONVERSION = YES;
				CLANG_WARN_DIRECT_OBJC_ISA_USAGE = YES_ERROR;
				CLANG_WARN_DOCUMENTATION_COMMENTS = YES;
				CLANG_WARN_EMPTY_BODY = YES;
				CLANG_WARN_ENUM_CONVERSION = YES;
				CLANG_WARN_INFINITE_RECURSION = YES;
				CLANG_WARN_INT_CONVERSION = YES;
				CLANG_WARN_OBJC_ROOT_CLASS = YES_ERROR;
				CLANG_WARN_SUSPICIOUS_MOVE = YES;
				CLANG_WARN_UNREACHABLE_CODE = YES;
				CLANG_WARN__DUPLICATE_METHOD_MATCH = YES;
				"CODE_SIGN_IDENTITY[sdk=iphoneos*]" = "iPhone Developer";
				COPY_PHASE_STRIP = NO;
				DEBUG_INFORMATION_FORMAT = dwarf;
				ENABLE_STRICT_OBJC_MSGSEND = YES;
				ENABLE_TESTABILITY = YES;
				GCC_C_LANGUAGE_STANDARD = gnu99;
				GCC_DYNAMIC_NO_PIC = NO;
				GCC_NO_COMMON_BLOCKS = YES;
				GCC_OPTIMIZATION_LEVEL = 0;
				GCC_PREPROCESSOR_DEFINITIONS = (
					"DEBUG=1",
					"$(inherited)",
				);
				GCC_WARN_64_TO_32_BIT_CONVERSION = YES;
				GCC_WARN_ABOUT_RETURN_TYPE = YES_ERROR;
				GCC_WARN_UNDECLARED_SELECTOR = YES;
				GCC_WARN_UNINITIALIZED_AUTOS = YES_AGGRESSIVE;
				GCC_WARN_UNUSED_FUNCTION = YES;
				GCC_WARN_UNUSED_VARIABLE = YES;
				IPHONEOS_DEPLOYMENT_TARGET = 10.3;
				MTL_ENABLE_DEBUG_INFO = YES;
				ONLY_ACTIVE_ARCH = YES;
				SDKROOT = iphoneos;
				SWIFT_ACTIVE_COMPILATION_CONDITIONS = DEBUG;
				SWIFT_OPTIMIZATION_LEVEL = "-Onone";
			};
			name = Debug;
		};
		5AB134CF1EDD4AC200638FB3 /* Release */ = {
			isa = XCBuildConfiguration;
			buildSettings = {
				ALWAYS_SEARCH_USER_PATHS = NO;
				CLANG_ANALYZER_NONNULL = YES;
				CLANG_ANALYZER_NUMBER_OBJECT_CONVERSION = YES_AGGRESSIVE;
				CLANG_CXX_LANGUAGE_STANDARD = "gnu++0x";
				CLANG_CXX_LIBRARY = "libc++";
				CLANG_ENABLE_MODULES = YES;
				CLANG_ENABLE_OBJC_ARC = YES;
				CLANG_WARN_BOOL_CONVERSION = YES;
				CLANG_WARN_CONSTANT_CONVERSION = YES;
				CLANG_WARN_DIRECT_OBJC_ISA_USAGE = YES_ERROR;
				CLANG_WARN_DOCUMENTATION_COMMENTS = YES;
				CLANG_WARN_EMPTY_BODY = YES;
				CLANG_WARN_ENUM_CONVERSION = YES;
				CLANG_WARN_INFINITE_RECURSION = YES;
				CLANG_WARN_INT_CONVERSION = YES;
				CLANG_WARN_OBJC_ROOT_CLASS = YES_ERROR;
				CLANG_WARN_SUSPICIOUS_MOVE = YES;
				CLANG_WARN_UNREACHABLE_CODE = YES;
				CLANG_WARN__DUPLICATE_METHOD_MATCH = YES;
				"CODE_SIGN_IDENTITY[sdk=iphoneos*]" = "iPhone Developer";
				COPY_PHASE_STRIP = NO;
				DEBUG_INFORMATION_FORMAT = "dwarf-with-dsym";
				ENABLE_NS_ASSERTIONS = NO;
				ENABLE_STRICT_OBJC_MSGSEND = YES;
				GCC_C_LANGUAGE_STANDARD = gnu99;
				GCC_NO_COMMON_BLOCKS = YES;
				GCC_WARN_64_TO_32_BIT_CONVERSION = YES;
				GCC_WARN_ABOUT_RETURN_TYPE = YES_ERROR;
				GCC_WARN_UNDECLARED_SELECTOR = YES;
				GCC_WARN_UNINITIALIZED_AUTOS = YES_AGGRESSIVE;
				GCC_WARN_UNUSED_FUNCTION = YES;
				GCC_WARN_UNUSED_VARIABLE = YES;
				IPHONEOS_DEPLOYMENT_TARGET = 10.3;
				MTL_ENABLE_DEBUG_INFO = NO;
				SDKROOT = iphoneos;
				SWIFT_OPTIMIZATION_LEVEL = "-Owholemodule";
				VALIDATE_PRODUCT = YES;
			};
			name = Release;
		};
		5AB134D11EDD4AC200638FB3 /* Debug */ = {
			isa = XCBuildConfiguration;
			baseConfigurationReference = 00C1309261F02692B7459EE2 /* Pods-taskapp.debug.xcconfig */;
			buildSettings = {
				ALWAYS_EMBED_SWIFT_STANDARD_LIBRARIES = YES;
				ASSETCATALOG_COMPILER_APPICON_NAME = AppIcon;
				INFOPLIST_FILE = taskapp/Info.plist;
				LD_RUNPATH_SEARCH_PATHS = "$(inherited) @executable_path/Frameworks";
				PRODUCT_BUNDLE_IDENTIFIER = jp.techacademy.mochimochinoki.taskapp;
				PRODUCT_NAME = "$(TARGET_NAME)";
				SWIFT_VERSION = 3.0;
			};
			name = Debug;
		};
		5AB134D21EDD4AC200638FB3 /* Release */ = {
			isa = XCBuildConfiguration;
			baseConfigurationReference = 1E19749EE7A4C8BB3554B7EE /* Pods-taskapp.release.xcconfig */;
			buildSettings = {
				ALWAYS_EMBED_SWIFT_STANDARD_LIBRARIES = YES;
				ASSETCATALOG_COMPILER_APPICON_NAME = AppIcon;
				INFOPLIST_FILE = taskapp/Info.plist;
				LD_RUNPATH_SEARCH_PATHS = "$(inherited) @executable_path/Frameworks";
				PRODUCT_BUNDLE_IDENTIFIER = jp.techacademy.mochimochinoki.taskapp;
				PRODUCT_NAME = "$(TARGET_NAME)";
				SWIFT_VERSION = 3.0;
			};
			name = Release;
		};
/* End XCBuildConfiguration section */

/* Begin XCConfigurationList section */
		5AB134B91EDD4AC200638FB3 /* Build configuration list for PBXProject "taskapp" */ = {
			isa = XCConfigurationList;
			buildConfigurations = (
				5AB134CE1EDD4AC200638FB3 /* Debug */,
				5AB134CF1EDD4AC200638FB3 /* Release */,
			);
			defaultConfigurationIsVisible = 0;
			defaultConfigurationName = Release;
		};
		5AB134D01EDD4AC200638FB3 /* Build configuration list for PBXNativeTarget "taskapp" */ = {
			isa = XCConfigurationList;
			buildConfigurations = (
				5AB134D11EDD4AC200638FB3 /* Debug */,
				5AB134D21EDD4AC200638FB3 /* Release */,
			);
			defaultConfigurationIsVisible = 0;
			defaultConfigurationName = Release;
		};
/* End XCConfigurationList section */
	};
	rootObject = 5AB134B61EDD4AC200638FB3 /* Project object */;
}
